// !$*UTF8*$!
{
	archiveVersion = 1;
	classes = {
	};
	objectVersion = 48;
	objects = {

/* Begin PBXBuildFile section */
		92D2A3A41FD7C3FA008971A5 /* HSpeakStringButton.m in Sources */ = {isa = PBXBuildFile; fileRef = 92D2A3A31FD7C3FA008971A5 /* HSpeakStringButton.m */; };
		92D2A3A51FD7C406008971A5 /* HSpeakStringButton.h in CopyFiles */ = {isa = PBXBuildFile; fileRef = 92D2A3A21FD7C3F9008971A5 /* HSpeakStringButton.h */; };
/* End PBXBuildFile section */

/* Begin PBXCopyFilesBuildPhase section */
		92D2A3931FD7C3E2008971A5 /* CopyFiles */ = {
			isa = PBXCopyFilesBuildPhase;
			buildActionMask = 2147483647;
			dstPath = "include/$(PRODUCT_NAME)";
			dstSubfolderSpec = 16;
			files = (
				92D2A3A51FD7C406008971A5 /* HSpeakStringButton.h in CopyFiles */,
			);
			runOnlyForDeploymentPostprocessing = 0;
		};
/* End PBXCopyFilesBuildPhase section */

/* Begin PBXFileReference section */
		92D2A3951FD7C3E2008971A5 /* libHSpeakStringButton.a */ = {isa = PBXFileReference; explicitFileType = archive.ar; includeInIndex = 0; path = libHSpeakStringButton.a; sourceTree = BUILT_PRODUCTS_DIR; };
		92D2A3A11FD7C3F9008971A5 /* HSpeakStringResource.bundle */ = {isa = PBXFileReference; lastKnownFileType = "wrapper.plug-in"; path = HSpeakStringResource.bundle; sourceTree = "<group>"; };
		92D2A3A21FD7C3F9008971A5 /* HSpeakStringButton.h */ = {isa = PBXFileReference; fileEncoding = 4; lastKnownFileType = sourcecode.c.h; path = HSpeakStringButton.h; sourceTree = "<group>"; };
		92D2A3A31FD7C3FA008971A5 /* HSpeakStringButton.m */ = {isa = PBXFileReference; fileEncoding = 4; lastKnownFileType = sourcecode.c.objc; path = HSpeakStringButton.m; sourceTree = "<group>"; };
/* End PBXFileReference section */

/* Begin PBXFrameworksBuildPhase section */
		92D2A3921FD7C3E2008971A5 /* Frameworks */ = {
			isa = PBXFrameworksBuildPhase;
			buildActionMask = 2147483647;
			files = (
			);
			runOnlyForDeploymentPostprocessing = 0;
		};
/* End PBXFrameworksBuildPhase section */

/* Begin PBXGroup section */
		92D2A38C1FD7C3E2008971A5 = {
			isa = PBXGroup;
			children = (
				92D2A3971FD7C3E2008971A5 /* HSpeakStringButton */,
				92D2A3961FD7C3E2008971A5 /* Products */,
			);
			sourceTree = "<group>";
		};
		92D2A3961FD7C3E2008971A5 /* Products */ = {
			isa = PBXGroup;
			children = (
				92D2A3951FD7C3E2008971A5 /* libHSpeakStringButton.a */,
			);
			name = Products;
			sourceTree = "<group>";
		};
		92D2A3971FD7C3E2008971A5 /* HSpeakStringButton */ = {
			isa = PBXGroup;
			children = (
				92D2A3A21FD7C3F9008971A5 /* HSpeakStringButton.h */,
				92D2A3A31FD7C3FA008971A5 /* HSpeakStringButton.m */,
				92D2A3A11FD7C3F9008971A5 /* HSpeakStringResource.bundle */,
			);
			path = HSpeakStringButton;
			sourceTree = "<group>";
		};
/* End PBXGroup section */

/* Begin PBXNativeTarget section */
		92D2A3941FD7C3E2008971A5 /* HSpeakStringButton */ = {
			isa = PBXNativeTarget;
			buildConfigurationList = 92D2A39E1FD7C3E2008971A5 /* Build configuration list for PBXNativeTarget "HSpeakStringButton" */;
			buildPhases = (
				92D2A3911FD7C3E2008971A5 /* Sources */,
				92D2A3921FD7C3E2008971A5 /* Frameworks */,
				92D2A3931FD7C3E2008971A5 /* CopyFiles */,
			);
			buildRules = (
			);
			dependencies = (
			);
			name = HSpeakStringButton;
			productName = HSpeakStringButton;
			productReference = 92D2A3951FD7C3E2008971A5 /* libHSpeakStringButton.a */;
			productType = "com.apple.product-type.library.static";
		};
/* End PBXNativeTarget section */

/* Begin PBXProject section */
		92D2A38D1FD7C3E2008971A5 /* Project object */ = {
			isa = PBXProject;
			attributes = {
				LastUpgradeCheck = 0920;
				ORGANIZATIONNAME = xbwqlwq;
				TargetAttributes = {
					92D2A3941FD7C3E2008971A5 = {
						CreatedOnToolsVersion = 9.2;
						ProvisioningStyle = Automatic;
					};
				};
			};
			buildConfigurationList = 92D2A3901FD7C3E2008971A5 /* Build configuration list for PBXProject "HSpeakStringButton" */;
			compatibilityVersion = "Xcode 8.0";
			developmentRegion = en;
			hasScannedForEncodings = 0;
			knownRegions = (
				en,
			);
			mainGroup = 92D2A38C1FD7C3E2008971A5;
			productRefGroup = 92D2A3961FD7C3E2008971A5 /* Products */;
			projectDirPath = "";
			projectRoot = "";
			targets = (
				92D2A3941FD7C3E2008971A5 /* HSpeakStringButton */,
			);
		};
/* End PBXProject section */

/* Begin PBXSourcesBuildPhase section */
		92D2A3911FD7C3E2008971A5 /* Sources */ = {
			isa = PBXSourcesBuildPhase;
			buildActionMask = 2147483647;
			files = (
				92D2A3A41FD7C3FA008971A5 /* HSpeakStringButton.m in Sources */,
			);
			runOnlyForDeploymentPostprocessing = 0;
		};
/* End PBXSourcesBuildPhase section */

/* Begin XCBuildConfiguration section */
		92D2A39C1FD7C3E2008971A5 /* Debug */ = {
			isa = XCBuildConfiguration;
			buildSettings = {
				ALWAYS_SEARCH_USER_PATHS = NO;
				CLANG_ANALYZER_NONNULL = YES;
				CLANG_ANALYZER_NUMBER_OBJECT_CONVERSION = YES_AGGRESSIVE;
				CLANG_CXX_LANGUAGE_STANDARD = "gnu++14";
				CLANG_CXX_LIBRARY = "libc++";
				CLANG_ENABLE_MODULES = YES;
				CLANG_ENABLE_OBJC_ARC = YES;
				CLANG_WARN_BLOCK_CAPTURE_AUTORELEASING = YES;
				CLANG_WARN_BOOL_CONVERSION = YES;
				CLANG_WARN_COMMA = YES;
				CLANG_WARN_CONSTANT_CONVERSION = YES;
				CLANG_WARN_DIRECT_OBJC_ISA_USAGE = YES_ERROR;
				CLANG_WARN_DOCUMENTATION_COMMENTS = YES;
				CLANG_WARN_EMPTY_BODY = YES;
				CLANG_WARN_ENUM_CONVERSION = YES;
				CLANG_WARN_INFINITE_RECURSION = YES;
				CLANG_WARN_INT_CONVERSION = YES;
				CLANG_WARN_NON_LITERAL_NULL_CONVERSION = YES;
				CLANG_WARN_OBJC_LITERAL_CONVERSION = YES;
				CLANG_WARN_OBJC_ROOT_CLASS = YES_ERROR;
				CLANG_WARN_RANGE_LOOP_ANALYSIS = YES;
				CLANG_WARN_STRICT_PROTOTYPES = YES;
				CLANG_WARN_SUSPICIOUS_MOVE = YES;
				CLANG_WARN_UNGUARDED_AVAILABILITY = YES_AGGRESSIVE;
				CLANG_WARN_UNREACHABLE_CODE = YES;
				CLANG_WARN__DUPLICATE_METHOD_MATCH = YES;
				CODE_SIGN_IDENTITY = "iPhone Developer";
				COPY_PHASE_STRIP = NO;
				DEBUG_INFORMATION_FORMAT = dwarf;
				ENABLE_STRICT_OBJC_MSGSEND = YES;
				ENABLE_TESTABILITY = YES;
				GCC_C_LANGUAGE_STANDARD = gnu11;
				GCC_DYNAMIC_NO_PIC = NO;
				GCC_NO_COMMON_BLOCKS = YES;
				GCC_OPTIMIZATION_LEVEL = 0;
				GCC_PREPROCESSOR_DEFINITIONS = (
					"DEBUG=1",
					"$(inherited)",
				);
				GCC_WARN_64_TO_32_BIT_CONVERSION = YES;
				GCC_WARN_ABOUT_RETURN_TYPE = YES_ERROR;
				GCC_WARN_UNDECLARED_SELECTOR = YES;
				GCC_WARN_UNINITIALIZED_AUTOS = YES_AGGRESSIVE;
				GCC_WARN_UNUSED_FUNCTION = YES;
				GCC_WARN_UNUSED_VARIABLE = YES;
				IPHONEOS_DEPLOYMENT_TARGET = 9.0;
				MTL_ENABLE_DEBUG_INFO = YES;
				ONLY_ACTIVE_ARCH = YES;
				SDKROOT = iphoneos;
			};
			name = Debug;
		};
		92D2A39D1FD7C3E2008971A5 /* Release */ = {
			isa = XCBuildConfiguration;
			buildSettings = {
				ALWAYS_SEARCH_USER_PATHS = NO;
				CLANG_ANALYZER_NONNULL = YES;
				CLANG_ANALYZER_NUMBER_OBJECT_CONVERSION = YES_AGGRESSIVE;
				CLANG_CXX_LANGUAGE_STANDARD = "gnu++14";
				CLANG_CXX_LIBRARY = "libc++";
				CLANG_ENABLE_MODULES = YES;
				CLANG_ENABLE_OBJC_ARC = YES;
				CLANG_WARN_BLOCK_CAPTURE_AUTORELEASING = YES;
				CLANG_WARN_BOOL_CONVERSION = YES;
				CLANG_WARN_COMMA = YES;
				CLANG_WARN_CONSTANT_CONVERSION = YES;
				CLANG_WARN_DIRECT_OBJC_ISA_USAGE = YES_ERROR;
				CLANG_WARN_DOCUMENTATION_COMMENTS = YES;
				CLANG_WARN_EMPTY_BODY = YES;
				CLANG_WARN_ENUM_CONVERSION = YES;
				CLANG_WARN_INFINITE_RECURSION = YES;
				CLANG_WARN_INT_CONVERSION = YES;
				CLANG_WARN_NON_LITERAL_NULL_CONVERSION = YES;
				CLANG_WARN_OBJC_LITERAL_CONVERSION = YES;
				CLANG_WARN_OBJC_ROOT_CLASS = YES_ERROR;
				CLANG_WARN_RANGE_LOOP_ANALYSIS = YES;
				CLANG_WARN_STRICT_PROTOTYPES = YES;
				CLANG_WARN_SUSPICIOUS_MOVE = YES;
				CLANG_WARN_UNGUARDED_AVAILABILITY = YES_AGGRESSIVE;
				CLANG_WARN_UNREACHABLE_CODE = YES;
				CLANG_WARN__DUPLICATE_METHOD_MATCH = YES;
				CODE_SIGN_IDENTITY = "iPhone Developer";
				COPY_PHASE_STRIP = NO;
				DEBUG_INFORMATION_FORMAT = "dwarf-with-dsym";
				ENABLE_NS_ASSERTIONS = NO;
				ENABLE_STRICT_OBJC_MSGSEND = YES;
				GCC_C_LANGUAGE_STANDARD = gnu11;
				GCC_NO_COMMON_BLOCKS = YES;
				GCC_WARN_64_TO_32_BIT_CONVERSION = YES;
				GCC_WARN_ABOUT_RETURN_TYPE = YES_ERROR;
				GCC_WARN_UNDECLARED_SELECTOR = YES;
				GCC_WARN_UNINITIALIZED_AUTOS = YES_AGGRESSIVE;
				GCC_WARN_UNUSED_FUNCTION = YES;
				GCC_WARN_UNUSED_VARIABLE = YES;
				IPHONEOS_DEPLOYMENT_TARGET = 9.0;
				MTL_ENABLE_DEBUG_INFO = NO;
				SDKROOT = iphoneos;
				VALIDATE_PRODUCT = YES;
			};
			name = Release;
		};
		92D2A39F1FD7C3E2008971A5 /* Debug */ = {
			isa = XCBuildConfiguration;
			buildSettings = {
				CODE_SIGN_STYLE = Automatic;
				ONLY_ACTIVE_ARCH = NO;
				OTHER_LDFLAGS = "-ObjC";
				PRODUCT_NAME = "$(TARGET_NAME)";
				SKIP_INSTALL = YES;
				TARGETED_DEVICE_FAMILY = "1,2";
			};
			name = Debug;
		};
		92D2A3A01FD7C3E2008971A5 /* Release */ = {
			isa = XCBuildConfiguration;
			buildSettings = {
				CODE_SIGN_STYLE = Automatic;
				OTHER_LDFLAGS = "-ObjC";
				PRODUCT_NAME = "$(TARGET_NAME)";
				SKIP_INSTALL = YES;
				TARGETED_DEVICE_FAMILY = "1,2";
			};
			name = Release;
		};
/* End XCBuildConfiguration section */

/* Begin XCConfigurationList section */
		92D2A3901FD7C3E2008971A5 /* Build configuration list for PBXProject "HSpeakStringButton" */ = {
			isa = XCConfigurationList;
			buildConfigurations = (
				92D2A39C1FD7C3E2008971A5 /* Debug */,
				92D2A39D1FD7C3E2008971A5 /* Release */,
			);
			defaultConfigurationIsVisible = 0;
			defaultConfigurationName = Release;
		};
		92D2A39E1FD7C3E2008971A5 /* Build configuration list for PBXNativeTarget "HSpeakStringButton" */ = {
			isa = XCConfigurationList;
			buildConfigurations = (
				92D2A39F1FD7C3E2008971A5 /* Debug */,
				92D2A3A01FD7C3E2008971A5 /* Release */,
			);
			defaultConfigurationIsVisible = 0;
			defaultConfigurationName = Release;
		};
/* End XCConfigurationList section */
	};
	rootObject = 92D2A38D1FD7C3E2008971A5 /* Project object */;
}
